<Solution>
  <Folder Name="/Backend/">
    <Project Path="VShop.ProductApi/VShop.ProductApi/VShop.ProductApi.csproj" />
    <Project Path="VShop.IdentityServer/VShop.IdentityServer.csproj" Id="f9575230-71be-4fd2-94f7-ad38034f5c52" />
  </Folder>
  <Folder Name="/Frontend/">
    <Project Path="VShop.Web/VShop.Web.csproj" Id="6014feb1-45ae-4b23-a283-e9fefa31fdd4" />
  </Folder>
</Solution>
